// !$*UTF8*$!
{
	archiveVersion = 1;
	classes = {
	};
	objectVersion = 46;
	objects = {

/* Begin PBXBuildFile section */
		43AC79321E483F750092C54E /* rtp_to_ntp_estimator.cc in Sources */ = {isa = PBXBuildFile; fileRef = 43AC792F1E483F750092C54E /* rtp_to_ntp_estimator.cc */; };
		43AC79331E483F750092C54E /* rtp_to_ntp_estimator.cc in Sources */ = {isa = PBXBuildFile; fileRef = 43AC792F1E483F750092C54E /* rtp_to_ntp_estimator.cc */; };
		43C0C5541D4EFD200058AC82 /* aligned_malloc.cc in Sources */ = {isa = PBXBuildFile; fileRef = 43C0C4E11D4EFD200058AC82 /* aligned_malloc.cc */; };
		43C0C5551D4EFD200058AC82 /* aligned_malloc.cc in Sources */ = {isa = PBXBuildFile; fileRef = 43C0C4E11D4EFD200058AC82 /* aligned_malloc.cc */; };
		43C0C5581D4EFD200058AC82 /* atomic32_darwin.cc in Sources */ = {isa = PBXBuildFile; fileRef = 43C0C4E31D4EFD200058AC82 /* atomic32_darwin.cc */; };
		43C0C5591D4EFD200058AC82 /* atomic32_darwin.cc in Sources */ = {isa = PBXBuildFile; fileRef = 43C0C4E31D4EFD200058AC82 /* atomic32_darwin.cc */; };
		43C0C55D1D4EFD200058AC82 /* atomic32_non_darwin_unix.cc in Sources */ = {isa = PBXBuildFile; fileRef = 43C0C4E51D4EFD200058AC82 /* atomic32_non_darwin_unix.cc */; };
		43C0C5621D4EFD200058AC82 /* clock.cc in Sources */ = {isa = PBXBuildFile; fileRef = 43C0C4EF1D4EFD200058AC82 /* clock.cc */; };
		43C0C5631D4EFD200058AC82 /* clock.cc in Sources */ = {isa = PBXBuildFile; fileRef = 43C0C4EF1D4EFD200058AC82 /* clock.cc */; };
		43C0C5701D4EFD200058AC82 /* cpu_features.cc in Sources */ = {isa = PBXBuildFile; fileRef = 43C0C4FF1D4EFD200058AC82 /* cpu_features.cc */; };
		43C0C5711D4EFD200058AC82 /* cpu_features.cc in Sources */ = {isa = PBXBuildFile; fileRef = 43C0C4FF1D4EFD200058AC82 /* cpu_features.cc */; };
		43C0C5761D4EFD200058AC82 /* cpu_info.cc in Sources */ = {isa = PBXBuildFile; fileRef = 43C0C5021D4EFD200058AC82 /* cpu_info.cc */; };
		43C0C5771D4EFD200058AC82 /* cpu_info.cc in Sources */ = {isa = PBXBuildFile; fileRef = 43C0C5021D4EFD200058AC82 /* cpu_info.cc */; };
		43C0C58E1D4EFD200058AC82 /* event.cc in Sources */ = {isa = PBXBuildFile; fileRef = 43C0C5121D4EFD200058AC82 /* event.cc */; };
		43C0C58F1D4EFD200058AC82 /* event.cc in Sources */ = {isa = PBXBuildFile; fileRef = 43C0C5121D4EFD200058AC82 /* event.cc */; };
		43C0C5921D4EFD200058AC82 /* event_timer_posix.cc in Sources */ = {isa = PBXBuildFile; fileRef = 43C0C5151D4EFD200058AC82 /* event_timer_posix.cc */; };
		43C0C5931D4EFD200058AC82 /* event_timer_posix.cc in Sources */ = {isa = PBXBuildFile; fileRef = 43C0C5151D4EFD200058AC82 /* event_timer_posix.cc */; };
		43C0C59E1D4EFD200058AC82 /* field_trial_default.cc in Sources */ = {isa = PBXBuildFile; fileRef = 43C0C51E1D4EFD200058AC82 /* field_trial_default.cc */; };
		43C0C59F1D4EFD200058AC82 /* field_trial_default.cc in Sources */ = {isa = PBXBuildFile; fileRef = 43C0C51E1D4EFD200058AC82 /* field_trial_default.cc */; };
		43C0C5A01D4EFD200058AC82 /* file_impl.cc in Sources */ = {isa = PBXBuildFile; fileRef = 43C0C51F1D4EFD200058AC82 /* file_impl.cc */; };
		43C0C5A11D4EFD200058AC82 /* file_impl.cc in Sources */ = {isa = PBXBuildFile; fileRef = 43C0C51F1D4EFD200058AC82 /* file_impl.cc */; };
		43C0C5AA1D4EFD200058AC82 /* metrics_default.cc in Sources */ = {isa = PBXBuildFile; fileRef = 43C0C5281D4EFD200058AC82 /* metrics_default.cc */; };
		43C0C5AB1D4EFD200058AC82 /* metrics_default.cc in Sources */ = {isa = PBXBuildFile; fileRef = 43C0C5281D4EFD200058AC82 /* metrics_default.cc */; };
		43C0C5B61D4EFD200058AC82 /* rw_lock.cc in Sources */ = {isa = PBXBuildFile; fileRef = 43C0C5301D4EFD200058AC82 /* rw_lock.cc */; };
		43C0C5B71D4EFD210058AC82 /* rw_lock.cc in Sources */ = {isa = PBXBuildFile; fileRef = 43C0C5301D4EFD200058AC82 /* rw_lock.cc */; };
		43C0C5BA1D4EFD210058AC82 /* rw_lock_posix.cc in Sources */ = {isa = PBXBuildFile; fileRef = 43C0C5331D4EFD200058AC82 /* rw_lock_posix.cc */; };
		43C0C5BB1D4EFD210058AC82 /* rw_lock_posix.cc in Sources */ = {isa = PBXBuildFile; fileRef = 43C0C5331D4EFD200058AC82 /* rw_lock_posix.cc */; };
		43C0C5C21D4EFD210058AC82 /* sleep.cc in Sources */ = {isa = PBXBuildFile; fileRef = 43C0C53B1D4EFD200058AC82 /* sleep.cc */; };
		43C0C5C31D4EFD210058AC82 /* sleep.cc in Sources */ = {isa = PBXBuildFile; fileRef = 43C0C53B1D4EFD200058AC82 /* sleep.cc */; };
		43C0C5D61D4EFD210058AC82 /* timestamp_extrapolator.cc in Sources */ = {isa = PBXBuildFile; fileRef = 43C0C54B1D4EFD200058AC82 /* timestamp_extrapolator.cc */; };
		43C0C5D71D4EFD210058AC82 /* timestamp_extrapolator.cc in Sources */ = {isa = PBXBuildFile; fileRef = 43C0C54B1D4EFD200058AC82 /* timestamp_extrapolator.cc */; };
		43C0C5D81D4EFD210058AC82 /* trace_impl.cc in Sources */ = {isa = PBXBuildFile; fileRef = 43C0C54C1D4EFD200058AC82 /* trace_impl.cc */; };
		43C0C5D91D4EFD210058AC82 /* trace_impl.cc in Sources */ = {isa = PBXBuildFile; fileRef = 43C0C54C1D4EFD200058AC82 /* trace_impl.cc */; };
		43C0C5DA1D4EFD210058AC82 /* trace_posix.cc in Sources */ = {isa = PBXBuildFile; fileRef = 43C0C54E1D4EFD200058AC82 /* trace_posix.cc */; };
		43C0C5DB1D4EFD210058AC82 /* trace_posix.cc in Sources */ = {isa = PBXBuildFile; fileRef = 43C0C54E1D4EFD200058AC82 /* trace_posix.cc */; };
/* End PBXBuildFile section */

/* Begin PBXCopyFilesBuildPhase section */
		430D873E1986073F009E763A /* CopyFiles */ = {
			isa = PBXCopyFilesBuildPhase;
			buildActionMask = 2147483647;
			dstPath = "include/$(PRODUCT_NAME)";
			dstSubfolderSpec = 16;
			files = (
			);
			runOnlyForDeploymentPostprocessing = 0;
		};
		43E04D071D262BB500B39549 /* CopyFiles */ = {
			isa = PBXCopyFilesBuildPhase;
			buildActionMask = 2147483647;
			dstPath = "include/$(PRODUCT_NAME)";
			dstSubfolderSpec = 16;
			files = (
			);
			runOnlyForDeploymentPostprocessing = 0;
		};
/* End PBXCopyFilesBuildPhase section */

/* Begin PBXFileReference section */
		430D87401986073F009E763A /* libsystem_wrappers.a */ = {isa = PBXFileReference; explicitFileType = archive.ar; includeInIndex = 0; path = libsystem_wrappers.a; sourceTree = BUILT_PRODUCTS_DIR; };
		43AC792E1E483F750092C54E /* logcat_trace_context.cc */ = {isa = PBXFileReference; fileEncoding = 4; lastKnownFileType = sourcecode.cpp.cpp; path = logcat_trace_context.cc; sourceTree = "<group>"; };
		43AC792F1E483F750092C54E /* rtp_to_ntp_estimator.cc */ = {isa = PBXFileReference; fileEncoding = 4; lastKnownFileType = sourcecode.cpp.cpp; path = rtp_to_ntp_estimator.cc; sourceTree = "<group>"; };
		43C0C4BE1D4EFD030058AC82 /* aligned_array.h */ = {isa = PBXFileReference; fileEncoding = 4; lastKnownFileType = sourcecode.c.h; path = aligned_array.h; sourceTree = "<group>"; };
		43C0C4BF1D4EFD030058AC82 /* aligned_malloc.h */ = {isa = PBXFileReference; fileEncoding = 4; lastKnownFileType = sourcecode.c.h; path = aligned_malloc.h; sourceTree = "<group>"; };
		43C0C4C01D4EFD030058AC82 /* asm_defines.h */ = {isa = PBXFileReference; fileEncoding = 4; lastKnownFileType = sourcecode.c.h; path = asm_defines.h; sourceTree = "<group>"; };
		43C0C4C11D4EFD030058AC82 /* atomic32.h */ = {isa = PBXFileReference; fileEncoding = 4; lastKnownFileType = sourcecode.c.h; path = atomic32.h; sourceTree = "<group>"; };
		43C0C4C21D4EFD030058AC82 /* clock.h */ = {isa = PBXFileReference; fileEncoding = 4; lastKnownFileType = sourcecode.c.h; path = clock.h; sourceTree = "<group>"; };
		43C0C4C41D4EFD030058AC82 /* cpu_features_wrapper.h */ = {isa = PBXFileReference; fileEncoding = 4; lastKnownFileType = sourcecode.c.h; path = cpu_features_wrapper.h; sourceTree = "<group>"; };
		43C0C4C51D4EFD030058AC82 /* cpu_info.h */ = {isa = PBXFileReference; fileEncoding = 4; lastKnownFileType = sourcecode.c.h; path = cpu_info.h; sourceTree = "<group>"; };
		43C0C4CA1D4EFD030058AC82 /* event_wrapper.h */ = {isa = PBXFileReference; fileEncoding = 4; lastKnownFileType = sourcecode.c.h; path = event_wrapper.h; sourceTree = "<group>"; };
		43C0C4CB1D4EFD030058AC82 /* field_trial.h */ = {isa = PBXFileReference; fileEncoding = 4; lastKnownFileType = sourcecode.c.h; path = field_trial.h; sourceTree = "<group>"; };
		43C0C4CC1D4EFD030058AC82 /* field_trial_default.h */ = {isa = PBXFileReference; fileEncoding = 4; lastKnownFileType = sourcecode.c.h; path = field_trial_default.h; sourceTree = "<group>"; };
		43C0C4CD1D4EFD030058AC82 /* file_wrapper.h */ = {isa = PBXFileReference; fileEncoding = 4; lastKnownFileType = sourcecode.c.h; path = file_wrapper.h; sourceTree = "<group>"; };
		43C0C4CE1D4EFD030058AC82 /* fix_interlocked_exchange_pointer_win.h */ = {isa = PBXFileReference; fileEncoding = 4; lastKnownFileType = sourcecode.c.h; path = fix_interlocked_exchange_pointer_win.h; sourceTree = "<group>"; };
		43C0C4CF1D4EFD030058AC82 /* logcat_trace_context.h */ = {isa = PBXFileReference; fileEncoding = 4; lastKnownFileType = sourcecode.c.h; path = logcat_trace_context.h; sourceTree = "<group>"; };
		43C0C4D11D4EFD030058AC82 /* metrics.h */ = {isa = PBXFileReference; fileEncoding = 4; lastKnownFileType = sourcecode.c.h; path = metrics.h; sourceTree = "<group>"; };
		43C0C4D21D4EFD030058AC82 /* metrics_default.h */ = {isa = PBXFileReference; fileEncoding = 4; lastKnownFileType = sourcecode.c.h; path = metrics_default.h; sourceTree = "<group>"; };
		43C0C4D31D4EFD030058AC82 /* ntp_time.h */ = {isa = PBXFileReference; fileEncoding = 4; lastKnownFileType = sourcecode.c.h; path = ntp_time.h; sourceTree = "<group>"; };
		43C0C4D51D4EFD030058AC82 /* rw_lock_wrapper.h */ = {isa = PBXFileReference; fileEncoding = 4; lastKnownFileType = sourcecode.c.h; path = rw_lock_wrapper.h; sourceTree = "<group>"; };
		43C0C4D61D4EFD030058AC82 /* sleep.h */ = {isa = PBXFileReference; fileEncoding = 4; lastKnownFileType = sourcecode.c.h; path = sleep.h; sourceTree = "<group>"; };
		43C0C4D81D4EFD030058AC82 /* static_instance.h */ = {isa = PBXFileReference; fileEncoding = 4; lastKnownFileType = sourcecode.c.h; path = static_instance.h; sourceTree = "<group>"; };
		43C0C4DB1D4EFD030058AC82 /* timestamp_extrapolator.h */ = {isa = PBXFileReference; fileEncoding = 4; lastKnownFileType = sourcecode.c.h; path = timestamp_extrapolator.h; sourceTree = "<group>"; };
		43C0C4DC1D4EFD030058AC82 /* trace.h */ = {isa = PBXFileReference; fileEncoding = 4; lastKnownFileType = sourcecode.c.h; path = trace.h; sourceTree = "<group>"; };
		43C0C4E11D4EFD200058AC82 /* aligned_malloc.cc */ = {isa = PBXFileReference; fileEncoding = 4; lastKnownFileType = sourcecode.cpp.cpp; path = aligned_malloc.cc; sourceTree = "<group>"; };
		43C0C4E31D4EFD200058AC82 /* atomic32_darwin.cc */ = {isa = PBXFileReference; fileEncoding = 4; lastKnownFileType = sourcecode.cpp.cpp; path = atomic32_darwin.cc; sourceTree = "<group>"; };
		43C0C4E51D4EFD200058AC82 /* atomic32_non_darwin_unix.cc */ = {isa = PBXFileReference; fileEncoding = 4; lastKnownFileType = sourcecode.cpp.cpp; path = atomic32_non_darwin_unix.cc; sourceTree = "<group>"; };
		43C0C4EF1D4EFD200058AC82 /* clock.cc */ = {isa = PBXFileReference; fileEncoding = 4; lastKnownFileType = sourcecode.cpp.cpp; path = clock.cc; sourceTree = "<group>"; };
		43C0C4FF1D4EFD200058AC82 /* cpu_features.cc */ = {isa = PBXFileReference; fileEncoding = 4; lastKnownFileType = sourcecode.cpp.cpp; path = cpu_features.cc; sourceTree = "<group>"; };
		43C0C5001D4EFD200058AC82 /* cpu_features_android.c */ = {isa = PBXFileReference; fileEncoding = 4; lastKnownFileType = sourcecode.c.c; path = cpu_features_android.c; sourceTree = "<group>"; };
		43C0C5011D4EFD200058AC82 /* cpu_features_linux.c */ = {isa = PBXFileReference; fileEncoding = 4; lastKnownFileType = sourcecode.c.c; path = cpu_features_linux.c; sourceTree = "<group>"; };
		43C0C5021D4EFD200058AC82 /* cpu_info.cc */ = {isa = PBXFileReference; fileEncoding = 4; lastKnownFileType = sourcecode.cpp.cpp; path = cpu_info.cc; sourceTree = "<group>"; };
		43C0C5121D4EFD200058AC82 /* event.cc */ = {isa = PBXFileReference; fileEncoding = 4; lastKnownFileType = sourcecode.cpp.cpp; path = event.cc; sourceTree = "<group>"; };
		43C0C5151D4EFD200058AC82 /* event_timer_posix.cc */ = {isa = PBXFileReference; fileEncoding = 4; lastKnownFileType = sourcecode.cpp.cpp; path = event_timer_posix.cc; sourceTree = "<group>"; };
		43C0C5161D4EFD200058AC82 /* event_timer_posix.h */ = {isa = PBXFileReference; fileEncoding = 4; lastKnownFileType = sourcecode.c.h; path = event_timer_posix.h; sourceTree = "<group>"; };
		43C0C51E1D4EFD200058AC82 /* field_trial_default.cc */ = {isa = PBXFileReference; fileEncoding = 4; lastKnownFileType = sourcecode.cpp.cpp; path = field_trial_default.cc; sourceTree = "<group>"; };
		43C0C51F1D4EFD200058AC82 /* file_impl.cc */ = {isa = PBXFileReference; fileEncoding = 4; lastKnownFileType = sourcecode.cpp.cpp; path = file_impl.cc; sourceTree = "<group>"; };
		43C0C5281D4EFD200058AC82 /* metrics_default.cc */ = {isa = PBXFileReference; fileEncoding = 4; lastKnownFileType = sourcecode.cpp.cpp; path = metrics_default.cc; sourceTree = "<group>"; };
		43C0C5301D4EFD200058AC82 /* rw_lock.cc */ = {isa = PBXFileReference; fileEncoding = 4; lastKnownFileType = sourcecode.cpp.cpp; path = rw_lock.cc; sourceTree = "<group>"; };
		43C0C5331D4EFD200058AC82 /* rw_lock_posix.cc */ = {isa = PBXFileReference; fileEncoding = 4; lastKnownFileType = sourcecode.cpp.cpp; path = rw_lock_posix.cc; sourceTree = "<group>"; };
		43C0C5341D4EFD200058AC82 /* rw_lock_posix.h */ = {isa = PBXFileReference; fileEncoding = 4; lastKnownFileType = sourcecode.c.h; path = rw_lock_posix.h; sourceTree = "<group>"; };
		43C0C53B1D4EFD200058AC82 /* sleep.cc */ = {isa = PBXFileReference; fileEncoding = 4; lastKnownFileType = sourcecode.cpp.cpp; path = sleep.cc; sourceTree = "<group>"; };
		43C0C54B1D4EFD200058AC82 /* timestamp_extrapolator.cc */ = {isa = PBXFileReference; fileEncoding = 4; lastKnownFileType = sourcecode.cpp.cpp; path = timestamp_extrapolator.cc; sourceTree = "<group>"; };
		43C0C54C1D4EFD200058AC82 /* trace_impl.cc */ = {isa = PBXFileReference; fileEncoding = 4; lastKnownFileType = sourcecode.cpp.cpp; path = trace_impl.cc; sourceTree = "<group>"; };
		43C0C54D1D4EFD200058AC82 /* trace_impl.h */ = {isa = PBXFileReference; fileEncoding = 4; lastKnownFileType = sourcecode.c.h; path = trace_impl.h; sourceTree = "<group>"; };
		43C0C54E1D4EFD200058AC82 /* trace_posix.cc */ = {isa = PBXFileReference; fileEncoding = 4; lastKnownFileType = sourcecode.cpp.cpp; path = trace_posix.cc; sourceTree = "<group>"; };
		43C0C54F1D4EFD200058AC82 /* trace_posix.h */ = {isa = PBXFileReference; fileEncoding = 4; lastKnownFileType = sourcecode.c.h; path = trace_posix.h; sourceTree = "<group>"; };
		43E04D0B1D262BB500B39549 /* libsystem_wrappers_osx.a */ = {isa = PBXFileReference; explicitFileType = archive.ar; includeInIndex = 0; path = libsystem_wrappers_osx.a; sourceTree = BUILT_PRODUCTS_DIR; };
/* End PBXFileReference section */

/* Begin PBXFrameworksBuildPhase section */
		430D873D1986073F009E763A /* Frameworks */ = {
			isa = PBXFrameworksBuildPhase;
			buildActionMask = 2147483647;
			files = (
			);
			runOnlyForDeploymentPostprocessing = 0;
		};
		43E04D061D262BB500B39549 /* Frameworks */ = {
			isa = PBXFrameworksBuildPhase;
			buildActionMask = 2147483647;
			files = (
			);
			runOnlyForDeploymentPostprocessing = 0;
		};
/* End PBXFrameworksBuildPhase section */

/* Begin PBXGroup section */
		430D87371986073F009E763A = {
			isa = PBXGroup;
			children = (
				430D87451986073F009E763A /* system_wrappers */,
				430D87411986073F009E763A /* Products */,
			);
			sourceTree = "<group>";
		};
		430D87411986073F009E763A /* Products */ = {
			isa = PBXGroup;
			children = (
				430D87401986073F009E763A /* libsystem_wrappers.a */,
				43E04D0B1D262BB500B39549 /* libsystem_wrappers_osx.a */,
			);
			name = Products;
			sourceTree = "<group>";
		};
		430D87451986073F009E763A /* system_wrappers */ = {
			isa = PBXGroup;
			children = (
				430D87721986075F009E763A /* system_wrappers */,
			);
			path = system_wrappers;
			sourceTree = "<group>";
		};
		430D87721986075F009E763A /* system_wrappers */ = {
			isa = PBXGroup;
			children = (
				43C0C4DE1D4EFD200058AC82 /* source */,
				43C0C4BD1D4EFD030058AC82 /* include */,
			);
			name = system_wrappers;
			path = ../../webRTCAPP/Classes/webrtc/system_wrappers;
			sourceTree = "<group>";
		};
		43C0C4BD1D4EFD030058AC82 /* include */ = {
			isa = PBXGroup;
			children = (
				43C0C4BE1D4EFD030058AC82 /* aligned_array.h */,
				43C0C4BF1D4EFD030058AC82 /* aligned_malloc.h */,
				43C0C4C01D4EFD030058AC82 /* asm_defines.h */,
				43C0C4C11D4EFD030058AC82 /* atomic32.h */,
				43C0C4C21D4EFD030058AC82 /* clock.h */,
				43C0C4C41D4EFD030058AC82 /* cpu_features_wrapper.h */,
				43C0C4C51D4EFD030058AC82 /* cpu_info.h */,
				43C0C4CA1D4EFD030058AC82 /* event_wrapper.h */,
				43C0C4CB1D4EFD030058AC82 /* field_trial.h */,
				43C0C4CC1D4EFD030058AC82 /* field_trial_default.h */,
				43C0C4CD1D4EFD030058AC82 /* file_wrapper.h */,
				43C0C4CE1D4EFD030058AC82 /* fix_interlocked_exchange_pointer_win.h */,
				43C0C4CF1D4EFD030058AC82 /* logcat_trace_context.h */,
				43C0C4D11D4EFD030058AC82 /* metrics.h */,
				43C0C4D21D4EFD030058AC82 /* metrics_default.h */,
				43C0C4D31D4EFD030058AC82 /* ntp_time.h */,
				43C0C4D51D4EFD030058AC82 /* rw_lock_wrapper.h */,
				43C0C4D61D4EFD030058AC82 /* sleep.h */,
				43C0C4D81D4EFD030058AC82 /* static_instance.h */,
				43C0C4DB1D4EFD030058AC82 /* timestamp_extrapolator.h */,
				43C0C4DC1D4EFD030058AC82 /* trace.h */,
			);
			path = include;
			sourceTree = "<group>";
		};
		43C0C4DE1D4EFD200058AC82 /* source */ = {
			isa = PBXGroup;
			children = (
				43AC792E1E483F750092C54E /* logcat_trace_context.cc */,
				43AC792F1E483F750092C54E /* rtp_to_ntp_estimator.cc */,
				43C0C4E11D4EFD200058AC82 /* aligned_malloc.cc */,
				43C0C4E31D4EFD200058AC82 /* atomic32_darwin.cc */,
				43C0C4E51D4EFD200058AC82 /* atomic32_non_darwin_unix.cc */,
				43C0C4EF1D4EFD200058AC82 /* clock.cc */,
				43C0C4FF1D4EFD200058AC82 /* cpu_features.cc */,
				43C0C5001D4EFD200058AC82 /* cpu_features_android.c */,
				43C0C5011D4EFD200058AC82 /* cpu_features_linux.c */,
				43C0C5021D4EFD200058AC82 /* cpu_info.cc */,
				43C0C5121D4EFD200058AC82 /* event.cc */,
				43C0C5151D4EFD200058AC82 /* event_timer_posix.cc */,
				43C0C5161D4EFD200058AC82 /* event_timer_posix.h */,
				43C0C51E1D4EFD200058AC82 /* field_trial_default.cc */,
				43C0C51F1D4EFD200058AC82 /* file_impl.cc */,
				43C0C5281D4EFD200058AC82 /* metrics_default.cc */,
				43C0C5301D4EFD200058AC82 /* rw_lock.cc */,
				43C0C5331D4EFD200058AC82 /* rw_lock_posix.cc */,
				43C0C5341D4EFD200058AC82 /* rw_lock_posix.h */,
				43C0C53B1D4EFD200058AC82 /* sleep.cc */,
				43C0C54B1D4EFD200058AC82 /* timestamp_extrapolator.cc */,
				43C0C54C1D4EFD200058AC82 /* trace_impl.cc */,
				43C0C54D1D4EFD200058AC82 /* trace_impl.h */,
				43C0C54E1D4EFD200058AC82 /* trace_posix.cc */,
				43C0C54F1D4EFD200058AC82 /* trace_posix.h */,
			);
			path = source;
			sourceTree = "<group>";
		};
/* End PBXGroup section */

/* Begin PBXNativeTarget section */
		430D873F1986073F009E763A /* system_wrappers */ = {
			isa = PBXNativeTarget;
			buildConfigurationList = 430D87631986073F009E763A /* Build configuration list for PBXNativeTarget "system_wrappers" */;
			buildPhases = (
				430D873C1986073F009E763A /* Sources */,
				430D873D1986073F009E763A /* Frameworks */,
				430D873E1986073F009E763A /* CopyFiles */,
			);
			buildRules = (
			);
			dependencies = (
			);
			name = system_wrappers;
			productName = system_wrappers;
			productReference = 430D87401986073F009E763A /* libsystem_wrappers.a */;
			productType = "com.apple.product-type.library.static";
		};
		43E04CE51D262BB500B39549 /* system_wrappers_osx */ = {
			isa = PBXNativeTarget;
			buildConfigurationList = 43E04D081D262BB500B39549 /* Build configuration list for PBXNativeTarget "system_wrappers_osx" */;
			buildPhases = (
				43E04CE61D262BB500B39549 /* Sources */,
				43E04D061D262BB500B39549 /* Frameworks */,
				43E04D071D262BB500B39549 /* CopyFiles */,
			);
			buildRules = (
			);
			dependencies = (
			);
			name = system_wrappers_osx;
			productName = system_wrappers;
			productReference = 43E04D0B1D262BB500B39549 /* libsystem_wrappers_osx.a */;
			productType = "com.apple.product-type.library.static";
		};
/* End PBXNativeTarget section */

/* Begin PBXProject section */
		430D87381986073F009E763A /* Project object */ = {
			isa = PBXProject;
			attributes = {
				LastUpgradeCheck = 0510;
				ORGANIZATIONNAME = yunwei;
			};
			buildConfigurationList = 430D873B1986073F009E763A /* Build configuration list for PBXProject "system_wrappers" */;
			compatibilityVersion = "Xcode 3.2";
			developmentRegion = English;
			hasScannedForEncodings = 0;
			knownRegions = (
				en,
			);
			mainGroup = 430D87371986073F009E763A;
			productRefGroup = 430D87411986073F009E763A /* Products */;
			projectDirPath = "";
			projectRoot = "";
			targets = (
				430D873F1986073F009E763A /* system_wrappers */,
				43E04CE51D262BB500B39549 /* system_wrappers_osx */,
			);
		};
/* End PBXProject section */

/* Begin PBXSourcesBuildPhase section */
		430D873C1986073F009E763A /* Sources */ = {
			isa = PBXSourcesBuildPhase;
			buildActionMask = 2147483647;
			files = (
				43C0C58E1D4EFD200058AC82 /* event.cc in Sources */,
				43C0C5DA1D4EFD210058AC82 /* trace_posix.cc in Sources */,
				43C0C5B61D4EFD200058AC82 /* rw_lock.cc in Sources */,
				43AC79321E483F750092C54E /* rtp_to_ntp_estimator.cc in Sources */,
				43C0C59E1D4EFD200058AC82 /* field_trial_default.cc in Sources */,
				43C0C5701D4EFD200058AC82 /* cpu_features.cc in Sources */,
				43C0C5AA1D4EFD200058AC82 /* metrics_default.cc in Sources */,
				43C0C5A01D4EFD200058AC82 /* file_impl.cc in Sources */,
				43C0C5C21D4EFD210058AC82 /* sleep.cc in Sources */,
				43C0C5D61D4EFD210058AC82 /* timestamp_extrapolator.cc in Sources */,
				43C0C5BA1D4EFD210058AC82 /* rw_lock_posix.cc in Sources */,
				43C0C5581D4EFD200058AC82 /* atomic32_darwin.cc in Sources */,
				43C0C5D81D4EFD210058AC82 /* trace_impl.cc in Sources */,
				43C0C5921D4EFD200058AC82 /* event_timer_posix.cc in Sources */,
				43C0C5761D4EFD200058AC82 /* cpu_info.cc in Sources */,
				43C0C5541D4EFD200058AC82 /* aligned_malloc.cc in Sources */,
				43C0C5621D4EFD200058AC82 /* clock.cc in Sources */,
			);
			runOnlyForDeploymentPostprocessing = 0;
		};
		43E04CE61D262BB500B39549 /* Sources */ = {
			isa = PBXSourcesBuildPhase;
			buildActionMask = 2147483647;
			files = (
				43C0C58F1D4EFD200058AC82 /* event.cc in Sources */,
				43C0C5DB1D4EFD210058AC82 /* trace_posix.cc in Sources */,
				43C0C55D1D4EFD200058AC82 /* atomic32_non_darwin_unix.cc in Sources */,
				43C0C5B71D4EFD210058AC82 /* rw_lock.cc in Sources */,
				43C0C59F1D4EFD200058AC82 /* field_trial_default.cc in Sources */,
				43C0C5711D4EFD200058AC82 /* cpu_features.cc in Sources */,
				43C0C5AB1D4EFD200058AC82 /* metrics_default.cc in Sources */,
				43C0C5A11D4EFD200058AC82 /* file_impl.cc in Sources */,
				43C0C5C31D4EFD210058AC82 /* sleep.cc in Sources */,
				43C0C5D71D4EFD210058AC82 /* timestamp_extrapolator.cc in Sources */,
				43C0C5BB1D4EFD210058AC82 /* rw_lock_posix.cc in Sources */,
				43C0C5591D4EFD200058AC82 /* atomic32_darwin.cc in Sources */,
				43C0C5D91D4EFD210058AC82 /* trace_impl.cc in Sources */,
				43AC79331E483F750092C54E /* rtp_to_ntp_estimator.cc in Sources */,
				43C0C5931D4EFD200058AC82 /* event_timer_posix.cc in Sources */,
				43C0C5771D4EFD200058AC82 /* cpu_info.cc in Sources */,
				43C0C5551D4EFD200058AC82 /* aligned_malloc.cc in Sources */,
				43C0C5631D4EFD200058AC82 /* clock.cc in Sources */,
			);
			runOnlyForDeploymentPostprocessing = 0;
		};
/* End PBXSourcesBuildPhase section */

/* Begin XCBuildConfiguration section */
		430D87611986073F009E763A /* Debug */ = {
			isa = XCBuildConfiguration;
			buildSettings = {
				ALWAYS_SEARCH_USER_PATHS = NO;
				CLANG_CXX_LANGUAGE_STANDARD = "gnu++0x";
				CLANG_CXX_LIBRARY = "libc++";
				CLANG_ENABLE_MODULES = YES;
				CLANG_ENABLE_OBJC_ARC = YES;
				CLANG_WARN_BOOL_CONVERSION = YES;
				CLANG_WARN_CONSTANT_CONVERSION = YES;
				CLANG_WARN_DIRECT_OBJC_ISA_USAGE = YES_ERROR;
				CLANG_WARN_EMPTY_BODY = YES;
				CLANG_WARN_ENUM_CONVERSION = YES;
				CLANG_WARN_INT_CONVERSION = YES;
				CLANG_WARN_OBJC_ROOT_CLASS = YES_ERROR;
				CLANG_WARN__DUPLICATE_METHOD_MATCH = YES;
				COPY_PHASE_STRIP = NO;
				GCC_C_LANGUAGE_STANDARD = gnu99;
				GCC_DYNAMIC_NO_PIC = NO;
				GCC_OPTIMIZATION_LEVEL = 0;
				GCC_PREPROCESSOR_DEFINITIONS = "DEBUG=1";
				GCC_SYMBOLS_PRIVATE_EXTERN = NO;
				GCC_WARN_64_TO_32_BIT_CONVERSION = YES;
				GCC_WARN_ABOUT_RETURN_TYPE = YES_ERROR;
				GCC_WARN_UNDECLARED_SELECTOR = YES;
				GCC_WARN_UNINITIALIZED_AUTOS = YES_AGGRESSIVE;
				GCC_WARN_UNUSED_FUNCTION = YES;
				GCC_WARN_UNUSED_VARIABLE = YES;
				HEADER_SEARCH_PATHS = (
					"$(inherited)",
					/Applications/Xcode.app/Contents/Developer/Toolchains/XcodeDefault.xctoolchain/usr/include,
					"$(SRCROOT)/../webRTCAPP/Classes",
				);
				IPHONEOS_DEPLOYMENT_TARGET = 7.1;
				ONLY_ACTIVE_ARCH = YES;
				SDKROOT = iphoneos;
				USER_HEADER_SEARCH_PATHS = "";
			};
			name = Debug;
		};
		430D87621986073F009E763A /* Release */ = {
			isa = XCBuildConfiguration;
			buildSettings = {
				ALWAYS_SEARCH_USER_PATHS = NO;
				CLANG_CXX_LANGUAGE_STANDARD = "gnu++0x";
				CLANG_CXX_LIBRARY = "libc++";
				CLANG_ENABLE_MODULES = YES;
				CLANG_ENABLE_OBJC_ARC = YES;
				CLANG_WARN_BOOL_CONVERSION = YES;
				CLANG_WARN_CONSTANT_CONVERSION = YES;
				CLANG_WARN_DIRECT_OBJC_ISA_USAGE = YES_ERROR;
				CLANG_WARN_EMPTY_BODY = YES;
				CLANG_WARN_ENUM_CONVERSION = YES;
				CLANG_WARN_INT_CONVERSION = YES;
				CLANG_WARN_OBJC_ROOT_CLASS = YES_ERROR;
				CLANG_WARN__DUPLICATE_METHOD_MATCH = YES;
				COPY_PHASE_STRIP = YES;
				ENABLE_NS_ASSERTIONS = NO;
				GCC_C_LANGUAGE_STANDARD = gnu99;
				GCC_PREPROCESSOR_DEFINITIONS = NDEBUG;
				GCC_WARN_64_TO_32_BIT_CONVERSION = YES;
				GCC_WARN_ABOUT_RETURN_TYPE = YES_ERROR;
				GCC_WARN_UNDECLARED_SELECTOR = YES;
				GCC_WARN_UNINITIALIZED_AUTOS = YES_AGGRESSIVE;
				GCC_WARN_UNUSED_FUNCTION = YES;
				GCC_WARN_UNUSED_VARIABLE = YES;
				HEADER_SEARCH_PATHS = (
					"$(inherited)",
					/Applications/Xcode.app/Contents/Developer/Toolchains/XcodeDefault.xctoolchain/usr/include,
					"$(SRCROOT)/../webRTCAPP/Classes",
				);
				IPHONEOS_DEPLOYMENT_TARGET = 7.1;
				SDKROOT = iphoneos;
				USER_HEADER_SEARCH_PATHS = "";
				VALIDATE_PRODUCT = YES;
			};
			name = Release;
		};
		430D87641986073F009E763A /* Debug */ = {
			isa = XCBuildConfiguration;
			buildSettings = {
				DSTROOT = /tmp/system_wrappers.dst;
				GCC_PRECOMPILE_PREFIX_HEADER = NO;
				GCC_PREFIX_HEADER = "";
				GCC_PREPROCESSOR_DEFINITIONS = (
					"$(inherited)",
					WEBRTC_POSIX,
					WEBRTC_IOS,
					WEBRTC_MAC,
					WEBRTC_ARCH_ARM,
					WEBRTC_HAS_NEON,
				);
				HEADER_SEARCH_PATHS = (
					"$(inherited)",
					/Applications/Xcode.app/Contents/Developer/Toolchains/XcodeDefault.xctoolchain/usr/include,
					"$(SRCROOT)/../webRTCAPP/Classes",
				);
				IPHONEOS_DEPLOYMENT_TARGET = 6.0;
				MACOSX_DEPLOYMENT_TARGET = 10.11;
				ONLY_ACTIVE_ARCH = NO;
				OTHER_LDFLAGS = "-ObjC";
				PRODUCT_NAME = "$(TARGET_NAME)";
				SKIP_INSTALL = YES;
				USER_HEADER_SEARCH_PATHS = "";
			};
			name = Debug;
		};
		430D87651986073F009E763A /* Release */ = {
			isa = XCBuildConfiguration;
			buildSettings = {
				DSTROOT = /tmp/system_wrappers.dst;
				GCC_PRECOMPILE_PREFIX_HEADER = NO;
				GCC_PREFIX_HEADER = "";
				GCC_PREPROCESSOR_DEFINITIONS = (
					"$(inherited)",
					WEBRTC_POSIX,
					WEBRTC_IOS,
					WEBRTC_MAC,
					WEBRTC_ARCH_ARM,
					WEBRTC_HAS_NEON,
				);
				HEADER_SEARCH_PATHS = (
					"$(inherited)",
					/Applications/Xcode.app/Contents/Developer/Toolchains/XcodeDefault.xctoolchain/usr/include,
					"$(SRCROOT)/../webRTCAPP/Classes",
				);
				IPHONEOS_DEPLOYMENT_TARGET = 6.0;
				MACOSX_DEPLOYMENT_TARGET = 10.11;
				OTHER_LDFLAGS = "-ObjC";
				PRODUCT_NAME = "$(TARGET_NAME)";
				SKIP_INSTALL = YES;
				USER_HEADER_SEARCH_PATHS = "";
			};
			name = Release;
		};
		43E04D091D262BB500B39549 /* Debug */ = {
			isa = XCBuildConfiguration;
			buildSettings = {
				DSTROOT = /tmp/system_wrappers.dst;
				GCC_PRECOMPILE_PREFIX_HEADER = NO;
				GCC_PREFIX_HEADER = "";
				HEADER_SEARCH_PATHS = (
					"$(inherited)",
					/Applications/Xcode.app/Contents/Developer/Toolchains/XcodeDefault.xctoolchain/usr/include,
					"$(SRCROOT)/../webRTCAPP/Classes",
				);
				IPHONEOS_DEPLOYMENT_TARGET = 6.0;
				MACOSX_DEPLOYMENT_TARGET = 10.11;
				ONLY_ACTIVE_ARCH = NO;
				OTHER_LDFLAGS = "-ObjC";
				PRODUCT_NAME = "$(TARGET_NAME)";
				SDKROOT = macosx;
				SKIP_INSTALL = YES;
				USER_HEADER_SEARCH_PATHS = "";
			};
			name = Debug;
		};
		43E04D0A1D262BB500B39549 /* Release */ = {
			isa = XCBuildConfiguration;
			buildSettings = {
				DSTROOT = /tmp/system_wrappers.dst;
				GCC_PRECOMPILE_PREFIX_HEADER = NO;
				GCC_PREFIX_HEADER = "";
				GCC_PREPROCESSOR_DEFINITIONS = (
					NDEBUG,
					WEBRTC_POSIX,
					WEBRTC_IOS,
					WEBRTC_MAC,
					WEBRTC_CLOCK_TYPE_REALTIME,
				);
				HEADER_SEARCH_PATHS = (
					"$(inherited)",
					/Applications/Xcode.app/Contents/Developer/Toolchains/XcodeDefault.xctoolchain/usr/include,
					"$(SRCROOT)/../webRTCAPP/Classes",
				);
				IPHONEOS_DEPLOYMENT_TARGET = 6.0;
				MACOSX_DEPLOYMENT_TARGET = 10.11;
				OTHER_LDFLAGS = "-ObjC";
				PRODUCT_NAME = "$(TARGET_NAME)";
				SDKROOT = macosx;
				SKIP_INSTALL = YES;
				USER_HEADER_SEARCH_PATHS = "";
			};
			name = Release;
		};
/* End XCBuildConfiguration section */

/* Begin XCConfigurationList section */
		430D873B1986073F009E763A /* Build configuration list for PBXProject "system_wrappers" */ = {
			isa = XCConfigurationList;
			buildConfigurations = (
				430D87611986073F009E763A /* Debug */,
				430D87621986073F009E763A /* Release */,
			);
			defaultConfigurationIsVisible = 0;
			defaultConfigurationName = Release;
		};
		430D87631986073F009E763A /* Build configuration list for PBXNativeTarget "system_wrappers" */ = {
			isa = XCConfigurationList;
			buildConfigurations = (
				430D87641986073F009E763A /* Debug */,
				430D87651986073F009E763A /* Release */,
			);
			defaultConfigurationIsVisible = 0;
			defaultConfigurationName = Release;
		};
		43E04D081D262BB500B39549 /* Build configuration list for PBXNativeTarget "system_wrappers_osx" */ = {
			isa = XCConfigurationList;
			buildConfigurations = (
				43E04D091D262BB500B39549 /* Debug */,
				43E04D0A1D262BB500B39549 /* Release */,
			);
			defaultConfigurationIsVisible = 0;
			defaultConfigurationName = Release;
		};
/* End XCConfigurationList section */
	};
	rootObject = 430D87381986073F009E763A /* Project object */;
}
